
Microsoft Visual Studio Solution File, Format Version 12.00
# Visual Studio Version 16
VisualStudioVersion = 16.0.30503.244
MinimumVisualStudioVersion = 10.0.40219.1
Project("{9A19103F-16F7-4668-BE54-9A1E7A4F7556}") = "azuresample_spaceybot", "azuresample_spaceybot\azuresample_spaceybot.csproj", "{2720F8EB-20C7-4CF8-A9B8-AB48965E28B6}"
EndProject
Global
	GlobalSection(SolutionConfigurationPlatforms) = preSolution
		Debug|Any CPU = Debug|Any CPU
		Release|Any CPU = Release|Any CPU
	EndGlobalSection
	GlobalSection(ProjectConfigurationPlatforms) = postSolution
		{2720F8EB-20C7-4CF8-A9B8-AB48965E28B6}.Debug|Any CPU.ActiveCfg = Debug|Any CPU
		{2720F8EB-20C7-4CF8-A9B8-AB48965E28B6}.Debug|Any CPU.Build.0 = Debug|Any CPU
		{2720F8EB-20C7-4CF8-A9B8-AB48965E28B6}.Release|Any CPU.ActiveCfg = Release|Any CPU
		{2720F8EB-20C7-4CF8-A9B8-AB48965E28B6}.Release|Any CPU.Build.0 = Release|Any CPU
	EndGlobalSection
	GlobalSection(SolutionProperties) = preSolution
		HideSolutionNode = FALSE
	EndGlobalSection
	GlobalSection(ExtensibilityGlobals) = postSolution
		SolutionGuid = {1625938F-74BC-400B-B86A-0B2AB2D13FF7}
	EndGlobalSection
EndGlobal
